
Microsoft Visual Studio Solution File, Format Version 12.00
Project("{FAE04EC0-301F-11D3-BF4B-00C04F79EFBC}") = "Rmis.WebApi", "Rmis.WebApi\Rmis.WebApi.csproj", "{509560AB-606C-4718-8135-95A8EABFB844}"
EndProject
Project("{FAE04EC0-301F-11D3-BF4B-00C04F79EFBC}") = "Rmis.Persistence", "Rmis.Persistence\Rmis.Persistence.csproj", "{358EBE90-9715-4CFB-9CE2-319694AA192D}"
EndProject
Project("{FAE04EC0-301F-11D3-BF4B-00C04F79EFBC}") = "Rmis.Domain", "Rmis.Domain\Rmis.Domain.csproj", "{B4FF4B44-58FA-48BD-B301-F1F3D1A26F10}"
EndProject
Project("{FAE04EC0-301F-11D3-BF4B-00C04F79EFBC}") = "Rmis.Application", "Rmis.Application\Rmis.Application.csproj", "{31BB1879-7FA7-45DB-9526-E56BACE7164E}"
EndProject
Project("{FAE04EC0-301F-11D3-BF4B-00C04F79EFBC}") = "Rmis.Yandex.Schedule", "Rmis.Yandex.Schedule\Rmis.Yandex.Schedule.csproj", "{959C57CE-41A3-41D9-BD7F-84CFC63B6540}"
EndProject
Project("{FAE04EC0-301F-11D3-BF4B-00C04F79EFBC}") = "Rmis.Google.Sheets", "Rmis.Google.Sheets\Rmis.Google.Sheets.csproj", "{481D63E1-D797-48B4-B8AA-0506439DC4BF}"
EndProject
Project("{FAE04EC0-301F-11D3-BF4B-00C04F79EFBC}") = "Rmis.OpenWeather", "Rmis.OpenWeather\Rmis.OpenWeather.csproj", "{6112E9E3-C6E8-4D90-BBBF-C4CD2E5FEB12}"
EndProject
Global
	GlobalSection(SolutionConfigurationPlatforms) = preSolution
		Debug|Any CPU = Debug|Any CPU
		Release|Any CPU = Release|Any CPU
	EndGlobalSection
	GlobalSection(ProjectConfigurationPlatforms) = postSolution
		{509560AB-606C-4718-8135-95A8EABFB844}.Debug|Any CPU.ActiveCfg = Debug|Any CPU
		{509560AB-606C-4718-8135-95A8EABFB844}.Debug|Any CPU.Build.0 = Debug|Any CPU
		{509560AB-606C-4718-8135-95A8EABFB844}.Release|Any CPU.ActiveCfg = Release|Any CPU
		{509560AB-606C-4718-8135-95A8EABFB844}.Release|Any CPU.Build.0 = Release|Any CPU
		{358EBE90-9715-4CFB-9CE2-319694AA192D}.Debug|Any CPU.ActiveCfg = Debug|Any CPU
		{358EBE90-9715-4CFB-9CE2-319694AA192D}.Debug|Any CPU.Build.0 = Debug|Any CPU
		{358EBE90-9715-4CFB-9CE2-319694AA192D}.Release|Any CPU.ActiveCfg = Release|Any CPU
		{358EBE90-9715-4CFB-9CE2-319694AA192D}.Release|Any CPU.Build.0 = Release|Any CPU
		{B4FF4B44-58FA-48BD-B301-F1F3D1A26F10}.Debug|Any CPU.ActiveCfg = Debug|Any CPU
		{B4FF4B44-58FA-48BD-B301-F1F3D1A26F10}.Debug|Any CPU.Build.0 = Debug|Any CPU
		{B4FF4B44-58FA-48BD-B301-F1F3D1A26F10}.Release|Any CPU.ActiveCfg = Release|Any CPU
		{B4FF4B44-58FA-48BD-B301-F1F3D1A26F10}.Release|Any CPU.Build.0 = Release|Any CPU
		{31BB1879-7FA7-45DB-9526-E56BACE7164E}.Debug|Any CPU.ActiveCfg = Debug|Any CPU
		{31BB1879-7FA7-45DB-9526-E56BACE7164E}.Debug|Any CPU.Build.0 = Debug|Any CPU
		{31BB1879-7FA7-45DB-9526-E56BACE7164E}.Release|Any CPU.ActiveCfg = Release|Any CPU
		{31BB1879-7FA7-45DB-9526-E56BACE7164E}.Release|Any CPU.Build.0 = Release|Any CPU
		{959C57CE-41A3-41D9-BD7F-84CFC63B6540}.Debug|Any CPU.ActiveCfg = Debug|Any CPU
		{959C57CE-41A3-41D9-BD7F-84CFC63B6540}.Debug|Any CPU.Build.0 = Debug|Any CPU
		{959C57CE-41A3-41D9-BD7F-84CFC63B6540}.Release|Any CPU.ActiveCfg = Release|Any CPU
		{959C57CE-41A3-41D9-BD7F-84CFC63B6540}.Release|Any CPU.Build.0 = Release|Any CPU
		{481D63E1-D797-48B4-B8AA-0506439DC4BF}.Debug|Any CPU.ActiveCfg = Debug|Any CPU
		{481D63E1-D797-48B4-B8AA-0506439DC4BF}.Debug|Any CPU.Build.0 = Debug|Any CPU
		{481D63E1-D797-48B4-B8AA-0506439DC4BF}.Release|Any CPU.ActiveCfg = Release|Any CPU
		{481D63E1-D797-48B4-B8AA-0506439DC4BF}.Release|Any CPU.Build.0 = Release|Any CPU
		{6112E9E3-C6E8-4D90-BBBF-C4CD2E5FEB12}.Debug|Any CPU.ActiveCfg = Debug|Any CPU
		{6112E9E3-C6E8-4D90-BBBF-C4CD2E5FEB12}.Debug|Any CPU.Build.0 = Debug|Any CPU
		{6112E9E3-C6E8-4D90-BBBF-C4CD2E5FEB12}.Release|Any CPU.ActiveCfg = Release|Any CPU
		{6112E9E3-C6E8-4D90-BBBF-C4CD2E5FEB12}.Release|Any CPU.Build.0 = Release|Any CPU
	EndGlobalSection
EndGlobal
